# This file is automatically @generated by Cargo.
# It is not intended for manual editing.
version = 3

[[package]]
name = "EnvSync"
version = "0.1.0"
dependencies = [
 "envie",
]

[[package]]
name = "envie"
version = "0.2.1"
source = "registry+https://github.com/rust-lang/crates.io-index"
checksum = "f390a615a815a5a6f9041fc878c858efbd641484f1b98900e44384d4ea029439"
